
Microsoft Visual Studio Solution File, Format Version 12.00
# Visual Studio 15
VisualStudioVersion = 15.0.26124.0
MinimumVisualStudioVersion = 15.0.26124.0
Project("{2150E333-8FDC-42A3-9474-1A3956D46DE8}") = ".paket", ".paket", "{A8EA64BC-5444-425B-BEF2-71D8B78DA8C0}"
	ProjectSection(SolutionItems) = preProject
		paket.dependencies = paket.dependencies
	EndProjectSection
EndProject
Project("{FAE04EC0-301F-11D3-BF4B-00C04F79EFBC}") = "Micron", "Micron\Micron.csproj", "{9C55B186-C5C8-4D4C-923B-05C70628311F}"
EndProject
Project("{FAE04EC0-301F-11D3-BF4B-00C04F79EFBC}") = "Micron.Tests", "Micron.Tests\Micron.Tests.csproj", "{0ABDE84F-2B2F-482D-9913-E57D1AB6A54B}"
EndProject
Project("{FAE04EC0-301F-11D3-BF4B-00C04F79EFBC}") = "Micron.Sqlite", "Micron.Sqlite\Micron.Sqlite.csproj", "{D1B8598B-9313-4642-AE6E-7878CC498021}"
EndProject
Project("{FAE04EC0-301F-11D3-BF4B-00C04F79EFBC}") = "Micron.SqlServer", "Micron.SqlServer\Micron.SqlServer.csproj", "{94C3038A-D3E8-4F7A-B32E-28A3A874EF0B}"
EndProject
Project("{FAE04EC0-301F-11D3-BF4B-00C04F79EFBC}") = "Micron.TestClient", "Micron.TestClient\Micron.TestClient.csproj", "{D2016370-7062-4082-ACDA-883C89F53413}"
EndProject
Global
	GlobalSection(SolutionConfigurationPlatforms) = preSolution
		Debug|Any CPU = Debug|Any CPU
		Debug|x64 = Debug|x64
		Debug|x86 = Debug|x86
		Release|Any CPU = Release|Any CPU
		Release|x64 = Release|x64
		Release|x86 = Release|x86
	EndGlobalSection
	GlobalSection(SolutionProperties) = preSolution
		HideSolutionNode = FALSE
	EndGlobalSection
	GlobalSection(ProjectConfigurationPlatforms) = postSolution
		{9C55B186-C5C8-4D4C-923B-05C70628311F}.Debug|Any CPU.ActiveCfg = Debug|Any CPU
		{9C55B186-C5C8-4D4C-923B-05C70628311F}.Debug|Any CPU.Build.0 = Debug|Any CPU
		{9C55B186-C5C8-4D4C-923B-05C70628311F}.Debug|x64.ActiveCfg = Debug|Any CPU
		{9C55B186-C5C8-4D4C-923B-05C70628311F}.Debug|x64.Build.0 = Debug|Any CPU
		{9C55B186-C5C8-4D4C-923B-05C70628311F}.Debug|x86.ActiveCfg = Debug|Any CPU
		{9C55B186-C5C8-4D4C-923B-05C70628311F}.Debug|x86.Build.0 = Debug|Any CPU
		{9C55B186-C5C8-4D4C-923B-05C70628311F}.Release|Any CPU.ActiveCfg = Release|Any CPU
		{9C55B186-C5C8-4D4C-923B-05C70628311F}.Release|Any CPU.Build.0 = Release|Any CPU
		{9C55B186-C5C8-4D4C-923B-05C70628311F}.Release|x64.ActiveCfg = Release|Any CPU
		{9C55B186-C5C8-4D4C-923B-05C70628311F}.Release|x64.Build.0 = Release|Any CPU
		{9C55B186-C5C8-4D4C-923B-05C70628311F}.Release|x86.ActiveCfg = Release|Any CPU
		{9C55B186-C5C8-4D4C-923B-05C70628311F}.Release|x86.Build.0 = Release|Any CPU
		{0ABDE84F-2B2F-482D-9913-E57D1AB6A54B}.Debug|Any CPU.ActiveCfg = Debug|Any CPU
		{0ABDE84F-2B2F-482D-9913-E57D1AB6A54B}.Debug|Any CPU.Build.0 = Debug|Any CPU
		{0ABDE84F-2B2F-482D-9913-E57D1AB6A54B}.Debug|x64.ActiveCfg = Debug|Any CPU
		{0ABDE84F-2B2F-482D-9913-E57D1AB6A54B}.Debug|x64.Build.0 = Debug|Any CPU
		{0ABDE84F-2B2F-482D-9913-E57D1AB6A54B}.Debug|x86.ActiveCfg = Debug|Any CPU
		{0ABDE84F-2B2F-482D-9913-E57D1AB6A54B}.Debug|x86.Build.0 = Debug|Any CPU
		{0ABDE84F-2B2F-482D-9913-E57D1AB6A54B}.Release|Any CPU.ActiveCfg = Release|Any CPU
		{0ABDE84F-2B2F-482D-9913-E57D1AB6A54B}.Release|Any CPU.Build.0 = Release|Any CPU
		{0ABDE84F-2B2F-482D-9913-E57D1AB6A54B}.Release|x64.ActiveCfg = Release|Any CPU
		{0ABDE84F-2B2F-482D-9913-E57D1AB6A54B}.Release|x64.Build.0 = Release|Any CPU
		{0ABDE84F-2B2F-482D-9913-E57D1AB6A54B}.Release|x86.ActiveCfg = Release|Any CPU
		{0ABDE84F-2B2F-482D-9913-E57D1AB6A54B}.Release|x86.Build.0 = Release|Any CPU
		{D1B8598B-9313-4642-AE6E-7878CC498021}.Debug|Any CPU.ActiveCfg = Debug|Any CPU
		{D1B8598B-9313-4642-AE6E-7878CC498021}.Debug|Any CPU.Build.0 = Debug|Any CPU
		{D1B8598B-9313-4642-AE6E-7878CC498021}.Debug|x64.ActiveCfg = Debug|Any CPU
		{D1B8598B-9313-4642-AE6E-7878CC498021}.Debug|x64.Build.0 = Debug|Any CPU
		{D1B8598B-9313-4642-AE6E-7878CC498021}.Debug|x86.ActiveCfg = Debug|Any CPU
		{D1B8598B-9313-4642-AE6E-7878CC498021}.Debug|x86.Build.0 = Debug|Any CPU
		{D1B8598B-9313-4642-AE6E-7878CC498021}.Release|Any CPU.ActiveCfg = Release|Any CPU
		{D1B8598B-9313-4642-AE6E-7878CC498021}.Release|Any CPU.Build.0 = Release|Any CPU
		{D1B8598B-9313-4642-AE6E-7878CC498021}.Release|x64.ActiveCfg = Release|Any CPU
		{D1B8598B-9313-4642-AE6E-7878CC498021}.Release|x64.Build.0 = Release|Any CPU
		{D1B8598B-9313-4642-AE6E-7878CC498021}.Release|x86.ActiveCfg = Release|Any CPU
		{D1B8598B-9313-4642-AE6E-7878CC498021}.Release|x86.Build.0 = Release|Any CPU
		{94C3038A-D3E8-4F7A-B32E-28A3A874EF0B}.Debug|Any CPU.ActiveCfg = Debug|Any CPU
		{94C3038A-D3E8-4F7A-B32E-28A3A874EF0B}.Debug|Any CPU.Build.0 = Debug|Any CPU
		{94C3038A-D3E8-4F7A-B32E-28A3A874EF0B}.Debug|x64.ActiveCfg = Debug|Any CPU
		{94C3038A-D3E8-4F7A-B32E-28A3A874EF0B}.Debug|x64.Build.0 = Debug|Any CPU
		{94C3038A-D3E8-4F7A-B32E-28A3A874EF0B}.Debug|x86.ActiveCfg = Debug|Any CPU
		{94C3038A-D3E8-4F7A-B32E-28A3A874EF0B}.Debug|x86.Build.0 = Debug|Any CPU
		{94C3038A-D3E8-4F7A-B32E-28A3A874EF0B}.Release|Any CPU.ActiveCfg = Release|Any CPU
		{94C3038A-D3E8-4F7A-B32E-28A3A874EF0B}.Release|Any CPU.Build.0 = Release|Any CPU
		{94C3038A-D3E8-4F7A-B32E-28A3A874EF0B}.Release|x64.ActiveCfg = Release|Any CPU
		{94C3038A-D3E8-4F7A-B32E-28A3A874EF0B}.Release|x64.Build.0 = Release|Any CPU
		{94C3038A-D3E8-4F7A-B32E-28A3A874EF0B}.Release|x86.ActiveCfg = Release|Any CPU
		{94C3038A-D3E8-4F7A-B32E-28A3A874EF0B}.Release|x86.Build.0 = Release|Any CPU
		{D2016370-7062-4082-ACDA-883C89F53413}.Debug|Any CPU.ActiveCfg = Debug|Any CPU
		{D2016370-7062-4082-ACDA-883C89F53413}.Debug|Any CPU.Build.0 = Debug|Any CPU
		{D2016370-7062-4082-ACDA-883C89F53413}.Debug|x64.ActiveCfg = Debug|Any CPU
		{D2016370-7062-4082-ACDA-883C89F53413}.Debug|x64.Build.0 = Debug|Any CPU
		{D2016370-7062-4082-ACDA-883C89F53413}.Debug|x86.ActiveCfg = Debug|Any CPU
		{D2016370-7062-4082-ACDA-883C89F53413}.Debug|x86.Build.0 = Debug|Any CPU
		{D2016370-7062-4082-ACDA-883C89F53413}.Release|Any CPU.ActiveCfg = Release|Any CPU
		{D2016370-7062-4082-ACDA-883C89F53413}.Release|Any CPU.Build.0 = Release|Any CPU
		{D2016370-7062-4082-ACDA-883C89F53413}.Release|x64.ActiveCfg = Release|Any CPU
		{D2016370-7062-4082-ACDA-883C89F53413}.Release|x64.Build.0 = Release|Any CPU
		{D2016370-7062-4082-ACDA-883C89F53413}.Release|x86.ActiveCfg = Release|Any CPU
		{D2016370-7062-4082-ACDA-883C89F53413}.Release|x86.Build.0 = Release|Any CPU
	EndGlobalSection
EndGlobal
